// !$*UTF8*$!
{
	archiveVersion = 1;
	classes = {
	};
	objectVersion = 51;
	objects = {

/* Begin PBXBuildFile section */
		75D516E0908BC845DF392772 /* Pods_FlyersDisplayer.framework in Frameworks */ = {isa = PBXBuildFile; fileRef = 4B9FF43B95A0DC1785D9EB23 /* Pods_FlyersDisplayer.framework */; };
		A70F7C15253B904E001CA19F /* JSONDecoder+decodeResponse.swift in Sources */ = {isa = PBXBuildFile; fileRef = A70F7C14253B904E001CA19F /* JSONDecoder+decodeResponse.swift */; };
		A70F7C26253B9459001CA19F /* APIRouter.swift in Sources */ = {isa = PBXBuildFile; fileRef = A70F7C25253B9459001CA19F /* APIRouter.swift */; };
		A70F7C2B253B97C0001CA19F /* APIClient.swift in Sources */ = {isa = PBXBuildFile; fileRef = A70F7C2A253B97C0001CA19F /* APIClient.swift */; };
		A70F7C30253B98C7001CA19F /* FlyersListResponse.swift in Sources */ = {isa = PBXBuildFile; fileRef = A70F7C2F253B98C7001CA19F /* FlyersListResponse.swift */; };
		A70F7C36253BB460001CA19F /* FlyersDisplayerPresenter.swift in Sources */ = {isa = PBXBuildFile; fileRef = A70F7C35253BB460001CA19F /* FlyersDisplayerPresenter.swift */; };
		A70F7C3F253BB5C7001CA19F /* FlyersDisplayerInteractor.swift in Sources */ = {isa = PBXBuildFile; fileRef = A70F7C3E253BB5C7001CA19F /* FlyersDisplayerInteractor.swift */; };
		A70F7C49253BBAAB001CA19F /* FlyerCollectionViewCell.swift in Sources */ = {isa = PBXBuildFile; fileRef = A70F7C48253BBAAB001CA19F /* FlyerCollectionViewCell.swift */; };
		A78C6339253C4896009B934D /* ReusableView.swift in Sources */ = {isa = PBXBuildFile; fileRef = A78C6338253C4896009B934D /* ReusableView.swift */; };
		A78C633E253C4979009B934D /* UICollectionView+dequeueReusableCell.swift in Sources */ = {isa = PBXBuildFile; fileRef = A78C633D253C4979009B934D /* UICollectionView+dequeueReusableCell.swift */; };
		A78C6343253C4D0F009B934D /* LoaderDisplayer.swift in Sources */ = {isa = PBXBuildFile; fileRef = A78C6342253C4D0F009B934D /* LoaderDisplayer.swift */; };
		A78C6348253C4E99009B934D /* FlyersCollectionViewManager.swift in Sources */ = {isa = PBXBuildFile; fileRef = A78C6347253C4E99009B934D /* FlyersCollectionViewManager.swift */; };
		A78C6359253C580F009B934D /* Flyer.swift in Sources */ = {isa = PBXBuildFile; fileRef = A78C6358253C580F009B934D /* Flyer.swift */; };
		A78C6362253C6402009B934D /* FlyerCellViewState.swift in Sources */ = {isa = PBXBuildFile; fileRef = A78C6361253C6402009B934D /* FlyerCellViewState.swift */; };
		A78C636A253C654B009B934D /* FlyersDisplayerViewState.swift in Sources */ = {isa = PBXBuildFile; fileRef = A78C6369253C654B009B934D /* FlyersDisplayerViewState.swift */; };
		A78C636F253C6D90009B934D /* FlyerViewState.swift in Sources */ = {isa = PBXBuildFile; fileRef = A78C636E253C6D90009B934D /* FlyerViewState.swift */; };
		A78C6375253C6FD3009B934D /* Constants.swift in Sources */ = {isa = PBXBuildFile; fileRef = A78C6374253C6FD3009B934D /* Constants.swift */; };
		A78C6382253C83AF009B934D /* FlyerDetailViewController.swift in Sources */ = {isa = PBXBuildFile; fileRef = A78C6381253C83AF009B934D /* FlyerDetailViewController.swift */; };
		A78C6387253C9029009B934D /* FlyerDetailPresenter.swift in Sources */ = {isa = PBXBuildFile; fileRef = A78C6386253C9029009B934D /* FlyerDetailPresenter.swift */; };
		A78C638C253C912C009B934D /* FlyerDetailInteractor.swift in Sources */ = {isa = PBXBuildFile; fileRef = A78C638B253C912C009B934D /* FlyerDetailInteractor.swift */; };
		A78C6399253CB235009B934D /* StreamFullyEvent.swift in Sources */ = {isa = PBXBuildFile; fileRef = A78C6398253CB235009B934D /* StreamFullyEvent.swift */; };
		A78C639E253CB2FF009B934D /* StreamFully.swift in Sources */ = {isa = PBXBuildFile; fileRef = A78C639D253CB2FF009B934D /* StreamFully.swift */; };
		A78C63A3253CB5B6009B934D /* Encodable+asDictionary.swift in Sources */ = {isa = PBXBuildFile; fileRef = A78C63A2253CB5B6009B934D /* Encodable+asDictionary.swift */; };
		A78C63B1253CBC1A009B934D /* FlyerOpenEvent.swift in Sources */ = {isa = PBXBuildFile; fileRef = A78C63B0253CBC1A009B934D /* FlyerOpenEvent.swift */; };
		A78C63B6253CBC42009B934D /* FlyerSessionEvent.swift in Sources */ = {isa = PBXBuildFile; fileRef = A78C63B5253CBC42009B934D /* FlyerSessionEvent.swift */; };
		A78C63BE253CC350009B934D /* Encodable+StreamFully.swift in Sources */ = {isa = PBXBuildFile; fileRef = A78C63BD253CC350009B934D /* Encodable+StreamFully.swift */; };
		A78C63C3253CC3E2009B934D /* AnalyticsManager.swift in Sources */ = {isa = PBXBuildFile; fileRef = A78C63C2253CC3E2009B934D /* AnalyticsManager.swift */; };
		A7C44C04253AA7BC0066E4D2 /* AppDelegate.swift in Sources */ = {isa = PBXBuildFile; fileRef = A7C44C03253AA7BC0066E4D2 /* AppDelegate.swift */; };
		A7C44C0B253AA7BC0066E4D2 /* Main.storyboard in Resources */ = {isa = PBXBuildFile; fileRef = A7C44C09253AA7BC0066E4D2 /* Main.storyboard */; };
		A7C44C0D253AA7BE0066E4D2 /* Assets.xcassets in Resources */ = {isa = PBXBuildFile; fileRef = A7C44C0C253AA7BE0066E4D2 /* Assets.xcassets */; };
		A7C44C10253AA7BE0066E4D2 /* LaunchScreen.storyboard in Resources */ = {isa = PBXBuildFile; fileRef = A7C44C0E253AA7BE0066E4D2 /* LaunchScreen.storyboard */; };
		A7C44C1B253AA7BE0066E4D2 /* FlyersDisplayerTests.swift in Sources */ = {isa = PBXBuildFile; fileRef = A7C44C1A253AA7BE0066E4D2 /* FlyersDisplayerTests.swift */; };
		A7C44C26253AA7BE0066E4D2 /* FlyersDisplayerUITests.swift in Sources */ = {isa = PBXBuildFile; fileRef = A7C44C25253AA7BE0066E4D2 /* FlyersDisplayerUITests.swift */; };
		A7C44C44253ABB6B0066E4D2 /* FlyersDisplayerViewController.swift in Sources */ = {isa = PBXBuildFile; fileRef = A7C44C43253ABB6B0066E4D2 /* FlyersDisplayerViewController.swift */; };
		A7C44C4A253ABCD30066E4D2 /* MainCoordinator.swift in Sources */ = {isa = PBXBuildFile; fileRef = A7C44C49253ABCD30066E4D2 /* MainCoordinator.swift */; };
		A7C44C56253ABFCE0066E4D2 /* Storyboarded.swift in Sources */ = {isa = PBXBuildFile; fileRef = A7C44C55253ABFCE0066E4D2 /* Storyboarded.swift */; };
/* End PBXBuildFile section */

/* Begin PBXContainerItemProxy section */
		A7C44C17253AA7BE0066E4D2 /* PBXContainerItemProxy */ = {
			isa = PBXContainerItemProxy;
			containerPortal = A7C44BF8253AA7BC0066E4D2 /* Project object */;
			proxyType = 1;
			remoteGlobalIDString = A7C44BFF253AA7BC0066E4D2;
			remoteInfo = FlyersDisplayer;
		};
		A7C44C22253AA7BE0066E4D2 /* PBXContainerItemProxy */ = {
			isa = PBXContainerItemProxy;
			containerPortal = A7C44BF8253AA7BC0066E4D2 /* Project object */;
			proxyType = 1;
			remoteGlobalIDString = A7C44BFF253AA7BC0066E4D2;
			remoteInfo = FlyersDisplayer;
		};
/* End PBXContainerItemProxy section */

/* Begin PBXFileReference section */
		4B9FF43B95A0DC1785D9EB23 /* Pods_FlyersDisplayer.framework */ = {isa = PBXFileReference; explicitFileType = wrapper.framework; includeInIndex = 0; path = Pods_FlyersDisplayer.framework; sourceTree = BUILT_PRODUCTS_DIR; };
		A0187D57256AB00C502AF344 /* Pods-FlyersDisplayer.debug.xcconfig */ = {isa = PBXFileReference; includeInIndex = 1; lastKnownFileType = text.xcconfig; name = "Pods-FlyersDisplayer.debug.xcconfig"; path = "Target Support Files/Pods-FlyersDisplayer/Pods-FlyersDisplayer.debug.xcconfig"; sourceTree = "<group>"; };
		A70F7C14253B904E001CA19F /* JSONDecoder+decodeResponse.swift */ = {isa = PBXFileReference; lastKnownFileType = sourcecode.swift; path = "JSONDecoder+decodeResponse.swift"; sourceTree = "<group>"; };
		A70F7C25253B9459001CA19F /* APIRouter.swift */ = {isa = PBXFileReference; lastKnownFileType = sourcecode.swift; path = APIRouter.swift; sourceTree = "<group>"; };
		A70F7C2A253B97C0001CA19F /* APIClient.swift */ = {isa = PBXFileReference; lastKnownFileType = sourcecode.swift; path = APIClient.swift; sourceTree = "<group>"; };
		A70F7C2F253B98C7001CA19F /* FlyersListResponse.swift */ = {isa = PBXFileReference; lastKnownFileType = sourcecode.swift; path = FlyersListResponse.swift; sourceTree = "<group>"; };
		A70F7C35253BB460001CA19F /* FlyersDisplayerPresenter.swift */ = {isa = PBXFileReference; lastKnownFileType = sourcecode.swift; path = FlyersDisplayerPresenter.swift; sourceTree = "<group>"; };
		A70F7C3E253BB5C7001CA19F /* FlyersDisplayerInteractor.swift */ = {isa = PBXFileReference; lastKnownFileType = sourcecode.swift; path = FlyersDisplayerInteractor.swift; sourceTree = "<group>"; };
		A70F7C48253BBAAB001CA19F /* FlyerCollectionViewCell.swift */ = {isa = PBXFileReference; lastKnownFileType = sourcecode.swift; path = FlyerCollectionViewCell.swift; sourceTree = "<group>"; };
		A78C6338253C4896009B934D /* ReusableView.swift */ = {isa = PBXFileReference; lastKnownFileType = sourcecode.swift; path = ReusableView.swift; sourceTree = "<group>"; };
		A78C633D253C4979009B934D /* UICollectionView+dequeueReusableCell.swift */ = {isa = PBXFileReference; lastKnownFileType = sourcecode.swift; path = "UICollectionView+dequeueReusableCell.swift"; sourceTree = "<group>"; };
		A78C6342253C4D0F009B934D /* LoaderDisplayer.swift */ = {isa = PBXFileReference; lastKnownFileType = sourcecode.swift; path = LoaderDisplayer.swift; sourceTree = "<group>"; };
		A78C6347253C4E99009B934D /* FlyersCollectionViewManager.swift */ = {isa = PBXFileReference; lastKnownFileType = sourcecode.swift; path = FlyersCollectionViewManager.swift; sourceTree = "<group>"; };
		A78C6358253C580F009B934D /* Flyer.swift */ = {isa = PBXFileReference; lastKnownFileType = sourcecode.swift; path = Flyer.swift; sourceTree = "<group>"; };
		A78C6361253C6402009B934D /* FlyerCellViewState.swift */ = {isa = PBXFileReference; lastKnownFileType = sourcecode.swift; path = FlyerCellViewState.swift; sourceTree = "<group>"; };
		A78C6369253C654B009B934D /* FlyersDisplayerViewState.swift */ = {isa = PBXFileReference; lastKnownFileType = sourcecode.swift; path = FlyersDisplayerViewState.swift; sourceTree = "<group>"; };
		A78C636E253C6D90009B934D /* FlyerViewState.swift */ = {isa = PBXFileReference; lastKnownFileType = sourcecode.swift; path = FlyerViewState.swift; sourceTree = "<group>"; };
		A78C6374253C6FD3009B934D /* Constants.swift */ = {isa = PBXFileReference; lastKnownFileType = sourcecode.swift; path = Constants.swift; sourceTree = "<group>"; };
		A78C6381253C83AF009B934D /* FlyerDetailViewController.swift */ = {isa = PBXFileReference; lastKnownFileType = sourcecode.swift; path = FlyerDetailViewController.swift; sourceTree = "<group>"; };
		A78C6386253C9029009B934D /* FlyerDetailPresenter.swift */ = {isa = PBXFileReference; lastKnownFileType = sourcecode.swift; path = FlyerDetailPresenter.swift; sourceTree = "<group>"; };
		A78C638B253C912C009B934D /* FlyerDetailInteractor.swift */ = {isa = PBXFileReference; lastKnownFileType = sourcecode.swift; path = FlyerDetailInteractor.swift; sourceTree = "<group>"; };
		A78C6398253CB235009B934D /* StreamFullyEvent.swift */ = {isa = PBXFileReference; lastKnownFileType = sourcecode.swift; path = StreamFullyEvent.swift; sourceTree = "<group>"; };
		A78C639D253CB2FF009B934D /* StreamFully.swift */ = {isa = PBXFileReference; lastKnownFileType = sourcecode.swift; path = StreamFully.swift; sourceTree = "<group>"; };
		A78C63A2253CB5B6009B934D /* Encodable+asDictionary.swift */ = {isa = PBXFileReference; lastKnownFileType = sourcecode.swift; path = "Encodable+asDictionary.swift"; sourceTree = "<group>"; };
		A78C63B0253CBC1A009B934D /* FlyerOpenEvent.swift */ = {isa = PBXFileReference; lastKnownFileType = sourcecode.swift; path = FlyerOpenEvent.swift; sourceTree = "<group>"; };
		A78C63B5253CBC42009B934D /* FlyerSessionEvent.swift */ = {isa = PBXFileReference; lastKnownFileType = sourcecode.swift; path = FlyerSessionEvent.swift; sourceTree = "<group>"; };
		A78C63BD253CC350009B934D /* Encodable+StreamFully.swift */ = {isa = PBXFileReference; lastKnownFileType = sourcecode.swift; path = "Encodable+StreamFully.swift"; sourceTree = "<group>"; };
		A78C63C2253CC3E2009B934D /* AnalyticsManager.swift */ = {isa = PBXFileReference; lastKnownFileType = sourcecode.swift; path = AnalyticsManager.swift; sourceTree = "<group>"; };
		A7C44C00253AA7BC0066E4D2 /* FlyersDisplayer.app */ = {isa = PBXFileReference; explicitFileType = wrapper.application; includeInIndex = 0; path = FlyersDisplayer.app; sourceTree = BUILT_PRODUCTS_DIR; };
		A7C44C03253AA7BC0066E4D2 /* AppDelegate.swift */ = {isa = PBXFileReference; lastKnownFileType = sourcecode.swift; path = AppDelegate.swift; sourceTree = "<group>"; };
		A7C44C0A253AA7BC0066E4D2 /* Base */ = {isa = PBXFileReference; lastKnownFileType = file.storyboard; name = Base; path = Base.lproj/Main.storyboard; sourceTree = "<group>"; };
		A7C44C0C253AA7BE0066E4D2 /* Assets.xcassets */ = {isa = PBXFileReference; lastKnownFileType = folder.assetcatalog; path = Assets.xcassets; sourceTree = "<group>"; };
		A7C44C0F253AA7BE0066E4D2 /* Base */ = {isa = PBXFileReference; lastKnownFileType = file.storyboard; name = Base; path = Base.lproj/LaunchScreen.storyboard; sourceTree = "<group>"; };
		A7C44C11253AA7BE0066E4D2 /* Info.plist */ = {isa = PBXFileReference; lastKnownFileType = text.plist.xml; path = Info.plist; sourceTree = "<group>"; };
		A7C44C16253AA7BE0066E4D2 /* FlyersDisplayerTests.xctest */ = {isa = PBXFileReference; explicitFileType = wrapper.cfbundle; includeInIndex = 0; path = FlyersDisplayerTests.xctest; sourceTree = BUILT_PRODUCTS_DIR; };
		A7C44C1A253AA7BE0066E4D2 /* FlyersDisplayerTests.swift */ = {isa = PBXFileReference; lastKnownFileType = sourcecode.swift; path = FlyersDisplayerTests.swift; sourceTree = "<group>"; };
		A7C44C1C253AA7BE0066E4D2 /* Info.plist */ = {isa = PBXFileReference; lastKnownFileType = text.plist.xml; path = Info.plist; sourceTree = "<group>"; };
		A7C44C21253AA7BE0066E4D2 /* FlyersDisplayerUITests.xctest */ = {isa = PBXFileReference; explicitFileType = wrapper.cfbundle; includeInIndex = 0; path = FlyersDisplayerUITests.xctest; sourceTree = BUILT_PRODUCTS_DIR; };
		A7C44C25253AA7BE0066E4D2 /* FlyersDisplayerUITests.swift */ = {isa = PBXFileReference; lastKnownFileType = sourcecode.swift; path = FlyersDisplayerUITests.swift; sourceTree = "<group>"; };
		A7C44C27253AA7BE0066E4D2 /* Info.plist */ = {isa = PBXFileReference; lastKnownFileType = text.plist.xml; path = Info.plist; sourceTree = "<group>"; };
		A7C44C43253ABB6B0066E4D2 /* FlyersDisplayerViewController.swift */ = {isa = PBXFileReference; lastKnownFileType = sourcecode.swift; path = FlyersDisplayerViewController.swift; sourceTree = "<group>"; };
		A7C44C49253ABCD30066E4D2 /* MainCoordinator.swift */ = {isa = PBXFileReference; lastKnownFileType = sourcecode.swift; path = MainCoordinator.swift; sourceTree = "<group>"; };
		A7C44C55253ABFCE0066E4D2 /* Storyboarded.swift */ = {isa = PBXFileReference; lastKnownFileType = sourcecode.swift; path = Storyboarded.swift; sourceTree = "<group>"; };
		C6D180BB6323FCBF668BE3EB /* Pods-FlyersDisplayer.release.xcconfig */ = {isa = PBXFileReference; includeInIndex = 1; lastKnownFileType = text.xcconfig; name = "Pods-FlyersDisplayer.release.xcconfig"; path = "Target Support Files/Pods-FlyersDisplayer/Pods-FlyersDisplayer.release.xcconfig"; sourceTree = "<group>"; };
/* End PBXFileReference section */

/* Begin PBXFrameworksBuildPhase section */
		A7C44BFD253AA7BC0066E4D2 /* Frameworks */ = {
			isa = PBXFrameworksBuildPhase;
			buildActionMask = 2147483647;
			files = (
				75D516E0908BC845DF392772 /* Pods_FlyersDisplayer.framework in Frameworks */,
			);
			runOnlyForDeploymentPostprocessing = 0;
		};
		A7C44C13253AA7BE0066E4D2 /* Frameworks */ = {
			isa = PBXFrameworksBuildPhase;
			buildActionMask = 2147483647;
			files = (
			);
			runOnlyForDeploymentPostprocessing = 0;
		};
		A7C44C1E253AA7BE0066E4D2 /* Frameworks */ = {
			isa = PBXFrameworksBuildPhase;
			buildActionMask = 2147483647;
			files = (
			);
			runOnlyForDeploymentPostprocessing = 0;
		};
/* End PBXFrameworksBuildPhase section */

/* Begin PBXGroup section */
		0792A9D0C024C59D855FEBA2 /* Frameworks */ = {
			isa = PBXGroup;
			children = (
				4B9FF43B95A0DC1785D9EB23 /* Pods_FlyersDisplayer.framework */,
			);
			name = Frameworks;
			sourceTree = "<group>";
		};
		9200366E0F9B9187206B9A02 /* Pods */ = {
			isa = PBXGroup;
			children = (
				A0187D57256AB00C502AF344 /* Pods-FlyersDisplayer.debug.xcconfig */,
				C6D180BB6323FCBF668BE3EB /* Pods-FlyersDisplayer.release.xcconfig */,
			);
			path = Pods;
			sourceTree = "<group>";
		};
		A70F7C13253B9015001CA19F /* Extensions */ = {
			isa = PBXGroup;
			children = (
				A70F7C14253B904E001CA19F /* JSONDecoder+decodeResponse.swift */,
				A78C633D253C4979009B934D /* UICollectionView+dequeueReusableCell.swift */,
				A78C63A2253CB5B6009B934D /* Encodable+asDictionary.swift */,
				A78C63BD253CC350009B934D /* Encodable+StreamFully.swift */,
			);
			path = Extensions;
			sourceTree = "<group>";
		};
		A70F7C24253B9375001CA19F /* Services */ = {
			isa = PBXGroup;
			children = (
				A70F7C25253B9459001CA19F /* APIRouter.swift */,
				A70F7C2A253B97C0001CA19F /* APIClient.swift */,
				A70F7C2F253B98C7001CA19F /* FlyersListResponse.swift */,
			);
			path = Services;
			sourceTree = "<group>";
		};
		A70F7C34253BB442001CA19F /* Presenters */ = {
			isa = PBXGroup;
			children = (
				A70F7C35253BB460001CA19F /* FlyersDisplayerPresenter.swift */,
				A78C6386253C9029009B934D /* FlyerDetailPresenter.swift */,
			);
			path = Presenters;
			sourceTree = "<group>";
		};
		A70F7C3D253BB5B6001CA19F /* Interactor */ = {
			isa = PBXGroup;
			children = (
				A70F7C3E253BB5C7001CA19F /* FlyersDisplayerInteractor.swift */,
				A78C638B253C912C009B934D /* FlyerDetailInteractor.swift */,
			);
			path = Interactor;
			sourceTree = "<group>";
		};
		A70F7C47253BBA98001CA19F /* UIItems */ = {
			isa = PBXGroup;
			children = (
				A70F7C48253BBAAB001CA19F /* FlyerCollectionViewCell.swift */,
				A78C6347253C4E99009B934D /* FlyersCollectionViewManager.swift */,
			);
			path = UIItems;
			sourceTree = "<group>";
		};
		A78C6357253C5800009B934D /* Models */ = {
			isa = PBXGroup;
			children = (
				A78C6358253C580F009B934D /* Flyer.swift */,
			);
			path = Models;
			sourceTree = "<group>";
		};
		A78C6360253C6166009B934D /* ViewStates */ = {
			isa = PBXGroup;
			children = (
				A78C6361253C6402009B934D /* FlyerCellViewState.swift */,
				A78C6369253C654B009B934D /* FlyersDisplayerViewState.swift */,
				A78C636E253C6D90009B934D /* FlyerViewState.swift */,
			);
			path = ViewStates;
			sourceTree = "<group>";
		};
		A78C6373253C6FC9009B934D /* Utils */ = {
			isa = PBXGroup;
			children = (
				A78C6374253C6FD3009B934D /* Constants.swift */,
			);
			path = Utils;
			sourceTree = "<group>";
		};
		A78C6397253CB216009B934D /* Analytics */ = {
			isa = PBXGroup;
			children = (
				A78C63A7253CB6FD009B934D /* Events */,
				A78C639D253CB2FF009B934D /* StreamFully.swift */,
				A78C63C2253CC3E2009B934D /* AnalyticsManager.swift */,
			);
			path = Analytics;
			sourceTree = "<group>";
		};
		A78C63A7253CB6FD009B934D /* Events */ = {
			isa = PBXGroup;
			children = (
				A78C6398253CB235009B934D /* StreamFullyEvent.swift */,
				A78C63B0253CBC1A009B934D /* FlyerOpenEvent.swift */,
				A78C63B5253CBC42009B934D /* FlyerSessionEvent.swift */,
			);
			path = Events;
			sourceTree = "<group>";
		};
		A7C44BF7253AA7BC0066E4D2 = {
			isa = PBXGroup;
			children = (
				A7C44C02253AA7BC0066E4D2 /* FlyersDisplayer */,
				A7C44C19253AA7BE0066E4D2 /* FlyersDisplayerTests */,
				A7C44C24253AA7BE0066E4D2 /* FlyersDisplayerUITests */,
				A7C44C01253AA7BC0066E4D2 /* Products */,
				9200366E0F9B9187206B9A02 /* Pods */,
				0792A9D0C024C59D855FEBA2 /* Frameworks */,
			);
			sourceTree = "<group>";
		};
		A7C44C01253AA7BC0066E4D2 /* Products */ = {
			isa = PBXGroup;
			children = (
				A7C44C00253AA7BC0066E4D2 /* FlyersDisplayer.app */,
				A7C44C16253AA7BE0066E4D2 /* FlyersDisplayerTests.xctest */,
				A7C44C21253AA7BE0066E4D2 /* FlyersDisplayerUITests.xctest */,
			);
			name = Products;
			sourceTree = "<group>";
		};
		A7C44C02253AA7BC0066E4D2 /* FlyersDisplayer */ = {
			isa = PBXGroup;
			children = (
				A78C6397253CB216009B934D /* Analytics */,
				A78C6373253C6FC9009B934D /* Utils */,
				A78C6360253C6166009B934D /* ViewStates */,
				A78C6357253C5800009B934D /* Models */,
				A70F7C47253BBA98001CA19F /* UIItems */,
				A70F7C3D253BB5B6001CA19F /* Interactor */,
				A70F7C34253BB442001CA19F /* Presenters */,
				A70F7C24253B9375001CA19F /* Services */,
				A70F7C13253B9015001CA19F /* Extensions */,
				A7C44C54253ABFBF0066E4D2 /* Protocols */,
				A7C44C3F253ABB4B0066E4D2 /* Views */,
				A7C44C03253AA7BC0066E4D2 /* AppDelegate.swift */,
				A7C44C09253AA7BC0066E4D2 /* Main.storyboard */,
				A7C44C0C253AA7BE0066E4D2 /* Assets.xcassets */,
				A7C44C0E253AA7BE0066E4D2 /* LaunchScreen.storyboard */,
				A7C44C11253AA7BE0066E4D2 /* Info.plist */,
				A7C44C49253ABCD30066E4D2 /* MainCoordinator.swift */,
			);
			path = FlyersDisplayer;
			sourceTree = "<group>";
		};
		A7C44C19253AA7BE0066E4D2 /* FlyersDisplayerTests */ = {
			isa = PBXGroup;
			children = (
				A7C44C1A253AA7BE0066E4D2 /* FlyersDisplayerTests.swift */,
				A7C44C1C253AA7BE0066E4D2 /* Info.plist */,
			);
			path = FlyersDisplayerTests;
			sourceTree = "<group>";
		};
		A7C44C24253AA7BE0066E4D2 /* FlyersDisplayerUITests */ = {
			isa = PBXGroup;
			children = (
				A7C44C25253AA7BE0066E4D2 /* FlyersDisplayerUITests.swift */,
				A7C44C27253AA7BE0066E4D2 /* Info.plist */,
			);
			path = FlyersDisplayerUITests;
			sourceTree = "<group>";
		};
		A7C44C3F253ABB4B0066E4D2 /* Views */ = {
			isa = PBXGroup;
			children = (
				A7C44C43253ABB6B0066E4D2 /* FlyersDisplayerViewController.swift */,
				A78C6381253C83AF009B934D /* FlyerDetailViewController.swift */,
			);
			path = Views;
			sourceTree = "<group>";
		};
		A7C44C54253ABFBF0066E4D2 /* Protocols */ = {
			isa = PBXGroup;
			children = (
				A7C44C55253ABFCE0066E4D2 /* Storyboarded.swift */,
				A78C6338253C4896009B934D /* ReusableView.swift */,
				A78C6342253C4D0F009B934D /* LoaderDisplayer.swift */,
			);
			path = Protocols;
			sourceTree = "<group>";
		};
/* End PBXGroup section */

/* Begin PBXNativeTarget section */
		A7C44BFF253AA7BC0066E4D2 /* FlyersDisplayer */ = {
			isa = PBXNativeTarget;
			buildConfigurationList = A7C44C2A253AA7BE0066E4D2 /* Build configuration list for PBXNativeTarget "FlyersDisplayer" */;
			buildPhases = (
				6A661842AFA57F96EBD7F67B /* [CP] Check Pods Manifest.lock */,
				A7C44BFC253AA7BC0066E4D2 /* Sources */,
				A7C44BFD253AA7BC0066E4D2 /* Frameworks */,
				A7C44BFE253AA7BC0066E4D2 /* Resources */,
				16C56AF53B260BAFEC4CD584 /* [CP] Embed Pods Frameworks */,
			);
			buildRules = (
			);
			dependencies = (
			);
			name = FlyersDisplayer;
			productName = FlyersDisplayer;
			productReference = A7C44C00253AA7BC0066E4D2 /* FlyersDisplayer.app */;
			productType = "com.apple.product-type.application";
		};
		A7C44C15253AA7BE0066E4D2 /* FlyersDisplayerTests */ = {
			isa = PBXNativeTarget;
			buildConfigurationList = A7C44C2D253AA7BE0066E4D2 /* Build configuration list for PBXNativeTarget "FlyersDisplayerTests" */;
			buildPhases = (
				A7C44C12253AA7BE0066E4D2 /* Sources */,
				A7C44C13253AA7BE0066E4D2 /* Frameworks */,
				A7C44C14253AA7BE0066E4D2 /* Resources */,
			);
			buildRules = (
			);
			dependencies = (
				A7C44C18253AA7BE0066E4D2 /* PBXTargetDependency */,
			);
			name = FlyersDisplayerTests;
			productName = FlyersDisplayerTests;
			productReference = A7C44C16253AA7BE0066E4D2 /* FlyersDisplayerTests.xctest */;
			productType = "com.apple.product-type.bundle.unit-test";
		};
		A7C44C20253AA7BE0066E4D2 /* FlyersDisplayerUITests */ = {
			isa = PBXNativeTarget;
			buildConfigurationList = A7C44C30253AA7BE0066E4D2 /* Build configuration list for PBXNativeTarget "FlyersDisplayerUITests" */;
			buildPhases = (
				A7C44C1D253AA7BE0066E4D2 /* Sources */,
				A7C44C1E253AA7BE0066E4D2 /* Frameworks */,
				A7C44C1F253AA7BE0066E4D2 /* Resources */,
			);
			buildRules = (
			);
			dependencies = (
				A7C44C23253AA7BE0066E4D2 /* PBXTargetDependency */,
			);
			name = FlyersDisplayerUITests;
			productName = FlyersDisplayerUITests;
			productReference = A7C44C21253AA7BE0066E4D2 /* FlyersDisplayerUITests.xctest */;
			productType = "com.apple.product-type.bundle.ui-testing";
		};
/* End PBXNativeTarget section */

/* Begin PBXProject section */
		A7C44BF8253AA7BC0066E4D2 /* Project object */ = {
			isa = PBXProject;
			attributes = {
				LastSwiftUpdateCheck = 1200;
				LastUpgradeCheck = 1200;
				TargetAttributes = {
					A7C44BFF253AA7BC0066E4D2 = {
						CreatedOnToolsVersion = 12.0.1;
					};
					A7C44C15253AA7BE0066E4D2 = {
						CreatedOnToolsVersion = 12.0.1;
						TestTargetID = A7C44BFF253AA7BC0066E4D2;
					};
					A7C44C20253AA7BE0066E4D2 = {
						CreatedOnToolsVersion = 12.0.1;
						TestTargetID = A7C44BFF253AA7BC0066E4D2;
					};
				};
			};
			buildConfigurationList = A7C44BFB253AA7BC0066E4D2 /* Build configuration list for PBXProject "FlyersDisplayer" */;
			compatibilityVersion = "Xcode 9.3";
			developmentRegion = en;
			hasScannedForEncodings = 0;
			knownRegions = (
				en,
				Base,
			);
			mainGroup = A7C44BF7253AA7BC0066E4D2;
			productRefGroup = A7C44C01253AA7BC0066E4D2 /* Products */;
			projectDirPath = "";
			projectRoot = "";
			targets = (
				A7C44BFF253AA7BC0066E4D2 /* FlyersDisplayer */,
				A7C44C15253AA7BE0066E4D2 /* FlyersDisplayerTests */,
				A7C44C20253AA7BE0066E4D2 /* FlyersDisplayerUITests */,
			);
		};
/* End PBXProject section */

/* Begin PBXResourcesBuildPhase section */
		A7C44BFE253AA7BC0066E4D2 /* Resources */ = {
			isa = PBXResourcesBuildPhase;
			buildActionMask = 2147483647;
			files = (
				A7C44C10253AA7BE0066E4D2 /* LaunchScreen.storyboard in Resources */,
				A7C44C0D253AA7BE0066E4D2 /* Assets.xcassets in Resources */,
				A7C44C0B253AA7BC0066E4D2 /* Main.storyboard in Resources */,
			);
			runOnlyForDeploymentPostprocessing = 0;
		};
		A7C44C14253AA7BE0066E4D2 /* Resources */ = {
			isa = PBXResourcesBuildPhase;
			buildActionMask = 2147483647;
			files = (
			);
			runOnlyForDeploymentPostprocessing = 0;
		};
		A7C44C1F253AA7BE0066E4D2 /* Resources */ = {
			isa = PBXResourcesBuildPhase;
			buildActionMask = 2147483647;
			files = (
			);
			runOnlyForDeploymentPostprocessing = 0;
		};
/* End PBXResourcesBuildPhase section */

/* Begin PBXShellScriptBuildPhase section */
		16C56AF53B260BAFEC4CD584 /* [CP] Embed Pods Frameworks */ = {
			isa = PBXShellScriptBuildPhase;
			buildActionMask = 2147483647;
			files = (
			);
			inputFileListPaths = (
				"${PODS_ROOT}/Target Support Files/Pods-FlyersDisplayer/Pods-FlyersDisplayer-frameworks-${CONFIGURATION}-input-files.xcfilelist",
			);
			name = "[CP] Embed Pods Frameworks";
			outputFileListPaths = (
				"${PODS_ROOT}/Target Support Files/Pods-FlyersDisplayer/Pods-FlyersDisplayer-frameworks-${CONFIGURATION}-output-files.xcfilelist",
			);
			runOnlyForDeploymentPostprocessing = 0;
			shellPath = /bin/sh;
			shellScript = "\"${PODS_ROOT}/Target Support Files/Pods-FlyersDisplayer/Pods-FlyersDisplayer-frameworks.sh\"\n";
			showEnvVarsInLog = 0;
		};
		6A661842AFA57F96EBD7F67B /* [CP] Check Pods Manifest.lock */ = {
			isa = PBXShellScriptBuildPhase;
			buildActionMask = 2147483647;
			files = (
			);
			inputFileListPaths = (
			);
			inputPaths = (
				"${PODS_PODFILE_DIR_PATH}/Podfile.lock",
				"${PODS_ROOT}/Manifest.lock",
			);
			name = "[CP] Check Pods Manifest.lock";
			outputFileListPaths = (
			);
			outputPaths = (
				"$(DERIVED_FILE_DIR)/Pods-FlyersDisplayer-checkManifestLockResult.txt",
			);
			runOnlyForDeploymentPostprocessing = 0;
			shellPath = /bin/sh;
			shellScript = "diff \"${PODS_PODFILE_DIR_PATH}/Podfile.lock\" \"${PODS_ROOT}/Manifest.lock\" > /dev/null\nif [ $? != 0 ] ; then\n    # print error to STDERR\n    echo \"error: The sandbox is not in sync with the Podfile.lock. Run 'pod install' or update your CocoaPods installation.\" >&2\n    exit 1\nfi\n# This output is used by Xcode 'outputs' to avoid re-running this script phase.\necho \"SUCCESS\" > \"${SCRIPT_OUTPUT_FILE_0}\"\n";
			showEnvVarsInLog = 0;
		};
/* End PBXShellScriptBuildPhase section */

/* Begin PBXSourcesBuildPhase section */
		A7C44BFC253AA7BC0066E4D2 /* Sources */ = {
			isa = PBXSourcesBuildPhase;
			buildActionMask = 2147483647;
			files = (
				A78C6387253C9029009B934D /* FlyerDetailPresenter.swift in Sources */,
				A78C63B1253CBC1A009B934D /* FlyerOpenEvent.swift in Sources */,
				A78C6362253C6402009B934D /* FlyerCellViewState.swift in Sources */,
				A70F7C36253BB460001CA19F /* FlyersDisplayerPresenter.swift in Sources */,
				A78C6399253CB235009B934D /* StreamFullyEvent.swift in Sources */,
				A78C63B6253CBC42009B934D /* FlyerSessionEvent.swift in Sources */,
				A78C633E253C4979009B934D /* UICollectionView+dequeueReusableCell.swift in Sources */,
				A78C63BE253CC350009B934D /* Encodable+StreamFully.swift in Sources */,
				A70F7C15253B904E001CA19F /* JSONDecoder+decodeResponse.swift in Sources */,
				A70F7C2B253B97C0001CA19F /* APIClient.swift in Sources */,
				A78C6339253C4896009B934D /* ReusableView.swift in Sources */,
				A70F7C3F253BB5C7001CA19F /* FlyersDisplayerInteractor.swift in Sources */,
				A78C63C3253CC3E2009B934D /* AnalyticsManager.swift in Sources */,
				A78C639E253CB2FF009B934D /* StreamFully.swift in Sources */,
				A70F7C26253B9459001CA19F /* APIRouter.swift in Sources */,
				A70F7C49253BBAAB001CA19F /* FlyerCollectionViewCell.swift in Sources */,
				A78C6359253C580F009B934D /* Flyer.swift in Sources */,
				A70F7C30253B98C7001CA19F /* FlyersListResponse.swift in Sources */,
				A78C6382253C83AF009B934D /* FlyerDetailViewController.swift in Sources */,
				A7C44C04253AA7BC0066E4D2 /* AppDelegate.swift in Sources */,
				A78C6348253C4E99009B934D /* FlyersCollectionViewManager.swift in Sources */,
				A7C44C4A253ABCD30066E4D2 /* MainCoordinator.swift in Sources */,
				A78C638C253C912C009B934D /* FlyerDetailInteractor.swift in Sources */,
				A7C44C56253ABFCE0066E4D2 /* Storyboarded.swift in Sources */,
				A78C6375253C6FD3009B934D /* Constants.swift in Sources */,
				A78C63A3253CB5B6009B934D /* Encodable+asDictionary.swift in Sources */,
				A78C6343253C4D0F009B934D /* LoaderDisplayer.swift in Sources */,
				A7C44C44253ABB6B0066E4D2 /* FlyersDisplayerViewController.swift in Sources */,
				A78C636A253C654B009B934D /* FlyersDisplayerViewState.swift in Sources */,
				A78C636F253C6D90009B934D /* FlyerViewState.swift in Sources */,
			);
			runOnlyForDeploymentPostprocessing = 0;
		};
		A7C44C12253AA7BE0066E4D2 /* Sources */ = {
			isa = PBXSourcesBuildPhase;
			buildActionMask = 2147483647;
			files = (
				A7C44C1B253AA7BE0066E4D2 /* FlyersDisplayerTests.swift in Sources */,
			);
			runOnlyForDeploymentPostprocessing = 0;
		};
		A7C44C1D253AA7BE0066E4D2 /* Sources */ = {
			isa = PBXSourcesBuildPhase;
			buildActionMask = 2147483647;
			files = (
				A7C44C26253AA7BE0066E4D2 /* FlyersDisplayerUITests.swift in Sources */,
			);
			runOnlyForDeploymentPostprocessing = 0;
		};
/* End PBXSourcesBuildPhase section */

/* Begin PBXTargetDependency section */
		A7C44C18253AA7BE0066E4D2 /* PBXTargetDependency */ = {
			isa = PBXTargetDependency;
			target = A7C44BFF253AA7BC0066E4D2 /* FlyersDisplayer */;
			targetProxy = A7C44C17253AA7BE0066E4D2 /* PBXContainerItemProxy */;
		};
		A7C44C23253AA7BE0066E4D2 /* PBXTargetDependency */ = {
			isa = PBXTargetDependency;
			target = A7C44BFF253AA7BC0066E4D2 /* FlyersDisplayer */;
			targetProxy = A7C44C22253AA7BE0066E4D2 /* PBXContainerItemProxy */;
		};
/* End PBXTargetDependency section */

/* Begin PBXVariantGroup section */
		A7C44C09253AA7BC0066E4D2 /* Main.storyboard */ = {
			isa = PBXVariantGroup;
			children = (
				A7C44C0A253AA7BC0066E4D2 /* Base */,
			);
			name = Main.storyboard;
			sourceTree = "<group>";
		};
		A7C44C0E253AA7BE0066E4D2 /* LaunchScreen.storyboard */ = {
			isa = PBXVariantGroup;
			children = (
				A7C44C0F253AA7BE0066E4D2 /* Base */,
			);
			name = LaunchScreen.storyboard;
			sourceTree = "<group>";
		};
/* End PBXVariantGroup section */

/* Begin XCBuildConfiguration section */
		A7C44C28253AA7BE0066E4D2 /* Debug */ = {
			isa = XCBuildConfiguration;
			buildSettings = {
				ALWAYS_SEARCH_USER_PATHS = NO;
				CLANG_ANALYZER_NONNULL = YES;
				CLANG_ANALYZER_NUMBER_OBJECT_CONVERSION = YES_AGGRESSIVE;
				CLANG_CXX_LANGUAGE_STANDARD = "gnu++14";
				CLANG_CXX_LIBRARY = "libc++";
				CLANG_ENABLE_MODULES = YES;
				CLANG_ENABLE_OBJC_ARC = YES;
				CLANG_ENABLE_OBJC_WEAK = YES;
				CLANG_WARN_BLOCK_CAPTURE_AUTORELEASING = YES;
				CLANG_WARN_BOOL_CONVERSION = YES;
				CLANG_WARN_COMMA = YES;
				CLANG_WARN_CONSTANT_CONVERSION = YES;
				CLANG_WARN_DEPRECATED_OBJC_IMPLEMENTATIONS = YES;
				CLANG_WARN_DIRECT_OBJC_ISA_USAGE = YES_ERROR;
				CLANG_WARN_DOCUMENTATION_COMMENTS = YES;
				CLANG_WARN_EMPTY_BODY = YES;
				CLANG_WARN_ENUM_CONVERSION = YES;
				CLANG_WARN_INFINITE_RECURSION = YES;
				CLANG_WARN_INT_CONVERSION = YES;
				CLANG_WARN_NON_LITERAL_NULL_CONVERSION = YES;
				CLANG_WARN_OBJC_IMPLICIT_RETAIN_SELF = YES;
				CLANG_WARN_OBJC_LITERAL_CONVERSION = YES;
				CLANG_WARN_OBJC_ROOT_CLASS = YES_ERROR;
				CLANG_WARN_QUOTED_INCLUDE_IN_FRAMEWORK_HEADER = YES;
				CLANG_WARN_RANGE_LOOP_ANALYSIS = YES;
				CLANG_WARN_STRICT_PROTOTYPES = YES;
				CLANG_WARN_SUSPICIOUS_MOVE = YES;
				CLANG_WARN_UNGUARDED_AVAILABILITY = YES_AGGRESSIVE;
				CLANG_WARN_UNREACHABLE_CODE = YES;
				CLANG_WARN__DUPLICATE_METHOD_MATCH = YES;
				COPY_PHASE_STRIP = NO;
				DEBUG_INFORMATION_FORMAT = dwarf;
				ENABLE_STRICT_OBJC_MSGSEND = YES;
				ENABLE_TESTABILITY = YES;
				GCC_C_LANGUAGE_STANDARD = gnu11;
				GCC_DYNAMIC_NO_PIC = NO;
				GCC_NO_COMMON_BLOCKS = YES;
				GCC_OPTIMIZATION_LEVEL = 0;
				GCC_PREPROCESSOR_DEFINITIONS = (
					"DEBUG=1",
					"$(inherited)",
				);
				GCC_WARN_64_TO_32_BIT_CONVERSION = YES;
				GCC_WARN_ABOUT_RETURN_TYPE = YES_ERROR;
				GCC_WARN_UNDECLARED_SELECTOR = YES;
				GCC_WARN_UNINITIALIZED_AUTOS = YES_AGGRESSIVE;
				GCC_WARN_UNUSED_FUNCTION = YES;
				GCC_WARN_UNUSED_VARIABLE = YES;
				IPHONEOS_DEPLOYMENT_TARGET = 11.0;
				MTL_ENABLE_DEBUG_INFO = INCLUDE_SOURCE;
				MTL_FAST_MATH = YES;
				ONLY_ACTIVE_ARCH = YES;
				SDKROOT = iphoneos;
				SWIFT_ACTIVE_COMPILATION_CONDITIONS = DEBUG;
				SWIFT_OPTIMIZATION_LEVEL = "-Onone";
			};
			name = Debug;
		};
		A7C44C29253AA7BE0066E4D2 /* Release */ = {
			isa = XCBuildConfiguration;
			buildSettings = {
				ALWAYS_SEARCH_USER_PATHS = NO;
				CLANG_ANALYZER_NONNULL = YES;
				CLANG_ANALYZER_NUMBER_OBJECT_CONVERSION = YES_AGGRESSIVE;
				CLANG_CXX_LANGUAGE_STANDARD = "gnu++14";
				CLANG_CXX_LIBRARY = "libc++";
				CLANG_ENABLE_MODULES = YES;
				CLANG_ENABLE_OBJC_ARC = YES;
				CLANG_ENABLE_OBJC_WEAK = YES;
				CLANG_WARN_BLOCK_CAPTURE_AUTORELEASING = YES;
				CLANG_WARN_BOOL_CONVERSION = YES;
				CLANG_WARN_COMMA = YES;
				CLANG_WARN_CONSTANT_CONVERSION = YES;
				CLANG_WARN_DEPRECATED_OBJC_IMPLEMENTATIONS = YES;
				CLANG_WARN_DIRECT_OBJC_ISA_USAGE = YES_ERROR;
				CLANG_WARN_DOCUMENTATION_COMMENTS = YES;
				CLANG_WARN_EMPTY_BODY = YES;
				CLANG_WARN_ENUM_CONVERSION = YES;
				CLANG_WARN_INFINITE_RECURSION = YES;
				CLANG_WARN_INT_CONVERSION = YES;
				CLANG_WARN_NON_LITERAL_NULL_CONVERSION = YES;
				CLANG_WARN_OBJC_IMPLICIT_RETAIN_SELF = YES;
				CLANG_WARN_OBJC_LITERAL_CONVERSION = YES;
				CLANG_WARN_OBJC_ROOT_CLASS = YES_ERROR;
				CLANG_WARN_QUOTED_INCLUDE_IN_FRAMEWORK_HEADER = YES;
				CLANG_WARN_RANGE_LOOP_ANALYSIS = YES;
				CLANG_WARN_STRICT_PROTOTYPES = YES;
				CLANG_WARN_SUSPICIOUS_MOVE = YES;
				CLANG_WARN_UNGUARDED_AVAILABILITY = YES_AGGRESSIVE;
				CLANG_WARN_UNREACHABLE_CODE = YES;
				CLANG_WARN__DUPLICATE_METHOD_MATCH = YES;
				COPY_PHASE_STRIP = NO;
				DEBUG_INFORMATION_FORMAT = "dwarf-with-dsym";
				ENABLE_NS_ASSERTIONS = NO;
				ENABLE_STRICT_OBJC_MSGSEND = YES;
				GCC_C_LANGUAGE_STANDARD = gnu11;
				GCC_NO_COMMON_BLOCKS = YES;
				GCC_WARN_64_TO_32_BIT_CONVERSION = YES;
				GCC_WARN_ABOUT_RETURN_TYPE = YES_ERROR;
				GCC_WARN_UNDECLARED_SELECTOR = YES;
				GCC_WARN_UNINITIALIZED_AUTOS = YES_AGGRESSIVE;
				GCC_WARN_UNUSED_FUNCTION = YES;
				GCC_WARN_UNUSED_VARIABLE = YES;
				IPHONEOS_DEPLOYMENT_TARGET = 11.0;
				MTL_ENABLE_DEBUG_INFO = NO;
				MTL_FAST_MATH = YES;
				SDKROOT = iphoneos;
				SWIFT_COMPILATION_MODE = wholemodule;
				SWIFT_OPTIMIZATION_LEVEL = "-O";
				VALIDATE_PRODUCT = YES;
			};
			name = Release;
		};
		A7C44C2B253AA7BE0066E4D2 /* Debug */ = {
			isa = XCBuildConfiguration;
			baseConfigurationReference = A0187D57256AB00C502AF344 /* Pods-FlyersDisplayer.debug.xcconfig */;
			buildSettings = {
				ASSETCATALOG_COMPILER_APPICON_NAME = AppIcon;
				ASSETCATALOG_COMPILER_GLOBAL_ACCENT_COLOR_NAME = AccentColor;
				CODE_SIGN_STYLE = Automatic;
				DEVELOPMENT_TEAM = J3XFT964L7;
				INFOPLIST_FILE = FlyersDisplayer/Info.plist;
				LD_RUNPATH_SEARCH_PATHS = (
					"$(inherited)",
					"@executable_path/Frameworks",
				);
				PRODUCT_BUNDLE_IDENTIFIER = com.mauroromito.FlyersDisplayer;
				PRODUCT_NAME = "$(TARGET_NAME)";
				SWIFT_VERSION = 5.0;
				TARGETED_DEVICE_FAMILY = 1;
			};
			name = Debug;
		};
		A7C44C2C253AA7BE0066E4D2 /* Release */ = {
			isa = XCBuildConfiguration;
			baseConfigurationReference = C6D180BB6323FCBF668BE3EB /* Pods-FlyersDisplayer.release.xcconfig */;
			buildSettings = {
				ASSETCATALOG_COMPILER_APPICON_NAME = AppIcon;
				ASSETCATALOG_COMPILER_GLOBAL_ACCENT_COLOR_NAME = AccentColor;
				CODE_SIGN_STYLE = Automatic;
				DEVELOPMENT_TEAM = J3XFT964L7;
				INFOPLIST_FILE = FlyersDisplayer/Info.plist;
				LD_RUNPATH_SEARCH_PATHS = (
					"$(inherited)",
					"@executable_path/Frameworks",
				);
				PRODUCT_BUNDLE_IDENTIFIER = com.mauroromito.FlyersDisplayer;
				PRODUCT_NAME = "$(TARGET_NAME)";
				SWIFT_VERSION = 5.0;
				TARGETED_DEVICE_FAMILY = 1;
			};
			name = Release;
		};
		A7C44C2E253AA7BE0066E4D2 /* Debug */ = {
			isa = XCBuildConfiguration;
			buildSettings = {
				ALWAYS_EMBED_SWIFT_STANDARD_LIBRARIES = YES;
				BUNDLE_LOADER = "$(TEST_HOST)";
				CODE_SIGN_STYLE = Automatic;
				DEVELOPMENT_TEAM = J3XFT964L7;
				INFOPLIST_FILE = FlyersDisplayerTests/Info.plist;
				IPHONEOS_DEPLOYMENT_TARGET = 14.0;
				LD_RUNPATH_SEARCH_PATHS = (
					"$(inherited)",
					"@executable_path/Frameworks",
					"@loader_path/Frameworks",
				);
				PRODUCT_BUNDLE_IDENTIFIER = com.mauroromito.FlyersDisplayerTests;
				PRODUCT_NAME = "$(TARGET_NAME)";
				SWIFT_VERSION = 5.0;
				TARGETED_DEVICE_FAMILY = "1,2";
				TEST_HOST = "$(BUILT_PRODUCTS_DIR)/FlyersDisplayer.app/FlyersDisplayer";
			};
			name = Debug;
		};
		A7C44C2F253AA7BE0066E4D2 /* Release */ = {
			isa = XCBuildConfiguration;
			buildSettings = {
				ALWAYS_EMBED_SWIFT_STANDARD_LIBRARIES = YES;
				BUNDLE_LOADER = "$(TEST_HOST)";
				CODE_SIGN_STYLE = Automatic;
				DEVELOPMENT_TEAM = J3XFT964L7;
				INFOPLIST_FILE = FlyersDisplayerTests/Info.plist;
				IPHONEOS_DEPLOYMENT_TARGET = 14.0;
				LD_RUNPATH_SEARCH_PATHS = (
					"$(inherited)",
					"@executable_path/Frameworks",
					"@loader_path/Frameworks",
				);
				PRODUCT_BUNDLE_IDENTIFIER = com.mauroromito.FlyersDisplayerTests;
				PRODUCT_NAME = "$(TARGET_NAME)";
				SWIFT_VERSION = 5.0;
				TARGETED_DEVICE_FAMILY = "1,2";
				TEST_HOST = "$(BUILT_PRODUCTS_DIR)/FlyersDisplayer.app/FlyersDisplayer";
			};
			name = Release;
		};
		A7C44C31253AA7BE0066E4D2 /* Debug */ = {
			isa = XCBuildConfiguration;
			buildSettings = {
				ALWAYS_EMBED_SWIFT_STANDARD_LIBRARIES = YES;
				CODE_SIGN_STYLE = Automatic;
				DEVELOPMENT_TEAM = J3XFT964L7;
				INFOPLIST_FILE = FlyersDisplayerUITests/Info.plist;
				LD_RUNPATH_SEARCH_PATHS = (
					"$(inherited)",
					"@executable_path/Frameworks",
					"@loader_path/Frameworks",
				);
				PRODUCT_BUNDLE_IDENTIFIER = com.mauroromito.FlyersDisplayerUITests;
				PRODUCT_NAME = "$(TARGET_NAME)";
				SWIFT_VERSION = 5.0;
				TARGETED_DEVICE_FAMILY = "1,2";
				TEST_TARGET_NAME = FlyersDisplayer;
			};
			name = Debug;
		};
		A7C44C32253AA7BE0066E4D2 /* Release */ = {
			isa = XCBuildConfiguration;
			buildSettings = {
				ALWAYS_EMBED_SWIFT_STANDARD_LIBRARIES = YES;
				CODE_SIGN_STYLE = Automatic;
				DEVELOPMENT_TEAM = J3XFT964L7;
				INFOPLIST_FILE = FlyersDisplayerUITests/Info.plist;
				LD_RUNPATH_SEARCH_PATHS = (
					"$(inherited)",
					"@executable_path/Frameworks",
					"@loader_path/Frameworks",
				);
				PRODUCT_BUNDLE_IDENTIFIER = com.mauroromito.FlyersDisplayerUITests;
				PRODUCT_NAME = "$(TARGET_NAME)";
				SWIFT_VERSION = 5.0;
				TARGETED_DEVICE_FAMILY = "1,2";
				TEST_TARGET_NAME = FlyersDisplayer;
			};
			name = Release;
		};
/* End XCBuildConfiguration section */

/* Begin XCConfigurationList section */
		A7C44BFB253AA7BC0066E4D2 /* Build configuration list for PBXProject "FlyersDisplayer" */ = {
			isa = XCConfigurationList;
			buildConfigurations = (
				A7C44C28253AA7BE0066E4D2 /* Debug */,
				A7C44C29253AA7BE0066E4D2 /* Release */,
			);
			defaultConfigurationIsVisible = 0;
			defaultConfigurationName = Release;
		};
		A7C44C2A253AA7BE0066E4D2 /* Build configuration list for PBXNativeTarget "FlyersDisplayer" */ = {
			isa = XCConfigurationList;
			buildConfigurations = (
				A7C44C2B253AA7BE0066E4D2 /* Debug */,
				A7C44C2C253AA7BE0066E4D2 /* Release */,
			);
			defaultConfigurationIsVisible = 0;
			defaultConfigurationName = Release;
		};
		A7C44C2D253AA7BE0066E4D2 /* Build configuration list for PBXNativeTarget "FlyersDisplayerTests" */ = {
			isa = XCConfigurationList;
			buildConfigurations = (
				A7C44C2E253AA7BE0066E4D2 /* Debug */,
				A7C44C2F253AA7BE0066E4D2 /* Release */,
			);
			defaultConfigurationIsVisible = 0;
			defaultConfigurationName = Release;
		};
		A7C44C30253AA7BE0066E4D2 /* Build configuration list for PBXNativeTarget "FlyersDisplayerUITests" */ = {
			isa = XCConfigurationList;
			buildConfigurations = (
				A7C44C31253AA7BE0066E4D2 /* Debug */,
				A7C44C32253AA7BE0066E4D2 /* Release */,
			);
			defaultConfigurationIsVisible = 0;
			defaultConfigurationName = Release;
		};
/* End XCConfigurationList section */
	};
	rootObject = A7C44BF8253AA7BC0066E4D2 /* Project object */;
}
